
Microsoft Visual Studio Solution File, Format Version 12.00
# Visual Studio Version 17
VisualStudioVersion = 17.13.35931.197 d17.13
MinimumVisualStudioVersion = 10.0.40219.1
Project("{FAE04EC0-301F-11D3-BF4B-00C04F79EFBC}") = "Manager", "Manager\Manager.csproj", "{220CF27D-103D-4CF5-9739-8A47BEF7DDB7}"
EndProject
Global
	GlobalSection(SolutionConfigurationPlatforms) = preSolution
		Debug|Any CPU = Debug|Any CPU
		Release|Any CPU = Release|Any CPU
	EndGlobalSection
	GlobalSection(ProjectConfigurationPlatforms) = postSolution
		{220CF27D-103D-4CF5-9739-8A47BEF7DDB7}.Debug|Any CPU.ActiveCfg = Debug|Any CPU
		{220CF27D-103D-4CF5-9739-8A47BEF7DDB7}.Debug|Any CPU.Build.0 = Debug|Any CPU
		{220CF27D-103D-4CF5-9739-8A47BEF7DDB7}.Release|Any CPU.ActiveCfg = Release|Any CPU
		{220CF27D-103D-4CF5-9739-8A47BEF7DDB7}.Release|Any CPU.Build.0 = Release|Any CPU
	EndGlobalSection
	GlobalSection(SolutionProperties) = preSolution
		HideSolutionNode = FALSE
	EndGlobalSection
	GlobalSection(ExtensibilityGlobals) = postSolution
		SolutionGuid = {EBA3850C-45B1-4BC7-84C2-D40796A02B1F}
	EndGlobalSection
EndGlobal
